{
  "name": "@intrilex/headless-engine",
  "version": "4.2.4",
  "lockfileVersion": 3,
  "requires": true,
  "packages": {
    "": {
      "name": "@intrilex/headless-engine",
      "version": "4.2.4",
      "license": "UNLICENSED",
      "devDependencies": {
        "typescript": "file:vendor/toolchain/typescript-5.8.3"
      },
      "engines": {
        "node": ">=22"
      }
    },
    "node_modules/typescript": {
      "resolved": "vendor/toolchain/typescript-5.8.3",
      "link": true
    },
    "vendor/toolchain/typescript-5.8.3": {
      "name": "typescript",
      "version": "5.8.3",
      "dev": true,
      "license": "Apache-2.0",
      "bin": {
        "tsc": "bin/tsc",
        "tsserver": "bin/tsserver"
      },
      "engines": {
        "node": ">=14.17"
      }
    }
  }
}
